// !$*UTF8*$!
{
	archiveVersion = 1;
	classes = {
	};
	objectVersion = 52;
	objects = {

/* Begin PBXBuildFile section */
		B486BF954D27B01494171084 /* Pods_Framework1.framework in Frameworks */ = {isa = PBXBuildFile; fileRef = B077DC11504ADF9BB5B71089 /* Pods_Framework1.framework */; };
		BC30182026AF26BB00BE4B1B /* IOSClassTests1.m in Sources */ = {isa = PBXBuildFile; fileRef = BC30181F26AF26BB00BE4B1B /* IOSClassTests1.m */; };
		BC30182226AF272700BE4B1B /* IOSClassTests2.swift in Sources */ = {isa = PBXBuildFile; fileRef = BC30182126AF272700BE4B1B /* IOSClassTests2.swift */; };
		BC30182B26B01B4700BE4B1B /* ItalianGreeter.java in Sources */ = {isa = PBXBuildFile; fileRef = BC30182926B01B4700BE4B1B /* ItalianGreeter.java */; };
		BC30182C26B01B4700BE4B1B /* SpanishGreeter.java in Sources */ = {isa = PBXBuildFile; fileRef = BC30182A26B01B4700BE4B1B /* SpanishGreeter.java */; };
		BCE20A50269DD8870097203F /* AppDelegate.swift in Sources */ = {isa = PBXBuildFile; fileRef = BCE20A4F269DD8870097203F /* AppDelegate.swift */; };
		BCE20A52269DD8870097203F /* SceneDelegate.swift in Sources */ = {isa = PBXBuildFile; fileRef = BCE20A51269DD8870097203F /* SceneDelegate.swift */; };
		BCE20A54269DD8870097203F /* ViewController.swift in Sources */ = {isa = PBXBuildFile; fileRef = BCE20A53269DD8870097203F /* ViewController.swift */; };
		BCE20A57269DD8870097203F /* Main.storyboard in Resources */ = {isa = PBXBuildFile; fileRef = BCE20A55269DD8870097203F /* Main.storyboard */; };
		BCE20A59269DD88B0097203F /* Assets.xcassets in Resources */ = {isa = PBXBuildFile; fileRef = BCE20A58269DD88B0097203F /* Assets.xcassets */; };
		BCE20A5C269DD88B0097203F /* LaunchScreen.storyboard in Resources */ = {isa = PBXBuildFile; fileRef = BCE20A5A269DD88B0097203F /* LaunchScreen.storyboard */; };
		BCEACD4926946CF300E982E2 /* SomeAwesomeFrameworkTests1.m in Sources */ = {isa = PBXBuildFile; fileRef = BCEACD4826946CF300E982E2 /* SomeAwesomeFrameworkTests1.m */; platformFilter = ios; };
		BCEACD4B26946CF300E982E2 /* Framework1.h in Headers */ = {isa = PBXBuildFile; fileRef = BCEACD3D26946CF200E982E2 /* Framework1.h */; settings = {ATTRIBUTES = (Public, ); }; };
		BCEACD79269470A700E982E2 /* SomeAwesomeFramework.h in Headers */ = {isa = PBXBuildFile; fileRef = BCEACD77269470A700E982E2 /* SomeAwesomeFramework.h */; settings = {ATTRIBUTES = (Public, ); }; };
		BCEACD7A269470A700E982E2 /* SomeAwesomeFramework.m in Sources */ = {isa = PBXBuildFile; fileRef = BCEACD78269470A700E982E2 /* SomeAwesomeFramework.m */; platformFilter = ios; };
		BCEACD8426947C5500E982E2 /* EnglishGreeter.m in Sources */ = {isa = PBXBuildFile; fileRef = BCEACD8326947C5500E982E2 /* EnglishGreeter.m */; platformFilter = ios; };
		BCEACD8526947C5500E982E2 /* EnglishGreeter.h in CopyFiles */ = {isa = PBXBuildFile; fileRef = BCEACD8226947C5500E982E2 /* EnglishGreeter.h */; platformFilter = ios; };
		BCEACD8F2694907F00E982E2 /* SomeAwesomeFrameworkTests2.swift in Sources */ = {isa = PBXBuildFile; fileRef = BCEACD8E2694907F00E982E2 /* SomeAwesomeFrameworkTests2.swift */; platformFilter = ios; };
		BCEACD922694A03700E982E2 /* GreetingHelper.h in Headers */ = {isa = PBXBuildFile; fileRef = BCEACD902694A03700E982E2 /* GreetingHelper.h */; };
		BCEACD932694A03700E982E2 /* GreetingHelper.m in Sources */ = {isa = PBXBuildFile; fileRef = BCEACD912694A03700E982E2 /* GreetingHelper.m */; platformFilter = ios; };
		BCEACD982694A11C00E982E2 /* GreetingHelperTests1.m in Sources */ = {isa = PBXBuildFile; fileRef = BCEACD972694A11C00E982E2 /* GreetingHelperTests1.m */; platformFilter = ios; };
		BCEACD9A2694A1DC00E982E2 /* GreetingHelperTests2.swift in Sources */ = {isa = PBXBuildFile; fileRef = BCEACD992694A1DC00E982E2 /* GreetingHelperTests2.swift */; platformFilter = ios; };
		BCEACDAB2695AF1A00E982E2 /* libLibrary1.a in Frameworks */ = {isa = PBXBuildFile; fileRef = BCEACD8026947C5500E982E2 /* libLibrary1.a */; platformFilter = ios; };
		BCEACDD126961B6B00E982E2 /* libLibrary2.a in Frameworks */ = {isa = PBXBuildFile; fileRef = BCEACDB62695B72D00E982E2 /* libLibrary2.a */; platformFilter = ios; };
		BCEACDD42696269E00E982E2 /* UIKit.framework in Frameworks */ = {isa = PBXBuildFile; fileRef = BCEACDD32696269E00E982E2 /* UIKit.framework */; platformFilter = ios; };
		D9A190E3B01B7C6786819002 /* Pods_Framework1Tests.framework in Frameworks */ = {isa = PBXBuildFile; fileRef = 6A76A5989DA0EBCB7F30CCC4 /* Pods_Framework1Tests.framework */; };
/* End PBXBuildFile section */

/* Begin PBXBuildRule section */
		BCEACDC92695CDE200E982E2 /* PBXBuildRule */ = {
			isa = PBXBuildRule;
			compilerSpec = com.apple.compilers.proxy.script;
			fileType = sourcecode.java;
			inputFiles = (
			);
			isEditable = 1;
			outputFiles = (
				"${DERIVED_FILES_DIR}/${INPUT_FILE_BASE}.h",
				"${DERIVED_FILES_DIR}/${INPUT_FILE_BASE}.m",
			);
			script = "# Nothing to do here; the Java source files are translated to Objective-C source files as part of a \"Run Script\" Build Phase\n";
		};
/* End PBXBuildRule section */

/* Begin PBXContainerItemProxy section */
		BCE20A61269DD8940097203F /* PBXContainerItemProxy */ = {
			isa = PBXContainerItemProxy;
			containerPortal = BCEACD3126946CF200E982E2 /* Project object */;
			proxyType = 1;
			remoteGlobalIDString = BCE20A4C269DD8870097203F;
			remoteInfo = TestApp;
		};
		BCEACD4526946CF300E982E2 /* PBXContainerItemProxy */ = {
			isa = PBXContainerItemProxy;
			containerPortal = BCEACD3126946CF200E982E2 /* Project object */;
			proxyType = 1;
			remoteGlobalIDString = BCEACD3926946CF200E982E2;
			remoteInfo = Framework1;
		};
		BCEACDAC2695AF2200E982E2 /* PBXContainerItemProxy */ = {
			isa = PBXContainerItemProxy;
			containerPortal = BCEACD3126946CF200E982E2 /* Project object */;
			proxyType = 1;
			remoteGlobalIDString = BCEACD7F26947C5500E982E2;
			remoteInfo = Library1;
		};
		BCEACDCD2696112B00E982E2 /* PBXContainerItemProxy */ = {
			isa = PBXContainerItemProxy;
			containerPortal = BCEACD3126946CF200E982E2 /* Project object */;
			proxyType = 1;
			remoteGlobalIDString = BCEACDB52695B72D00E982E2;
			remoteInfo = Library2;
		};
/* End PBXContainerItemProxy section */

/* Begin PBXCopyFilesBuildPhase section */
		BCEACD7E26947C5500E982E2 /* CopyFiles */ = {
			isa = PBXCopyFilesBuildPhase;
			buildActionMask = 2147483647;
			dstPath = "include/$(PRODUCT_NAME)";
			dstSubfolderSpec = 16;
			files = (
				BCEACD8526947C5500E982E2 /* EnglishGreeter.h in CopyFiles */,
			);
			runOnlyForDeploymentPostprocessing = 0;
		};
/* End PBXCopyFilesBuildPhase section */

/* Begin PBXFileReference section */
		090777CD5CEBEB6BD27625AB /* Pods-Framework1Tests.debug.xcconfig */ = {isa = PBXFileReference; includeInIndex = 1; lastKnownFileType = text.xcconfig; name = "Pods-Framework1Tests.debug.xcconfig"; path = "Target Support Files/Pods-Framework1Tests/Pods-Framework1Tests.debug.xcconfig"; sourceTree = "<group>"; };
		3C963E34EC129AA5B21A7C49 /* Pods-Framework1.debug.xcconfig */ = {isa = PBXFileReference; includeInIndex = 1; lastKnownFileType = text.xcconfig; name = "Pods-Framework1.debug.xcconfig"; path = "Target Support Files/Pods-Framework1/Pods-Framework1.debug.xcconfig"; sourceTree = "<group>"; };
		6A76A5989DA0EBCB7F30CCC4 /* Pods_Framework1Tests.framework */ = {isa = PBXFileReference; explicitFileType = wrapper.framework; includeInIndex = 0; path = Pods_Framework1Tests.framework; sourceTree = BUILT_PRODUCTS_DIR; };
		8E17528C8793B0EB9FDDF031 /* Pods-Framework1Tests.release.xcconfig */ = {isa = PBXFileReference; includeInIndex = 1; lastKnownFileType = text.xcconfig; name = "Pods-Framework1Tests.release.xcconfig"; path = "Target Support Files/Pods-Framework1Tests/Pods-Framework1Tests.release.xcconfig"; sourceTree = "<group>"; };
		B02929439E6C96054EF10097 /* Pods-Framework1.release.xcconfig */ = {isa = PBXFileReference; includeInIndex = 1; lastKnownFileType = text.xcconfig; name = "Pods-Framework1.release.xcconfig"; path = "Target Support Files/Pods-Framework1/Pods-Framework1.release.xcconfig"; sourceTree = "<group>"; };
		B077DC11504ADF9BB5B71089 /* Pods_Framework1.framework */ = {isa = PBXFileReference; explicitFileType = wrapper.framework; includeInIndex = 0; path = Pods_Framework1.framework; sourceTree = BUILT_PRODUCTS_DIR; };
		BC30181D26AF255800BE4B1B /* Framework1Config.xcconfig */ = {isa = PBXFileReference; fileEncoding = 4; lastKnownFileType = text.xcconfig; path = Framework1Config.xcconfig; sourceTree = "<group>"; };
		BC30181F26AF26BB00BE4B1B /* IOSClassTests1.m */ = {isa = PBXFileReference; lastKnownFileType = sourcecode.c.objc; path = IOSClassTests1.m; sourceTree = "<group>"; };
		BC30182126AF272700BE4B1B /* IOSClassTests2.swift */ = {isa = PBXFileReference; lastKnownFileType = sourcecode.swift; path = IOSClassTests2.swift; sourceTree = "<group>"; };
		BC30182926B01B4700BE4B1B /* ItalianGreeter.java */ = {isa = PBXFileReference; fileEncoding = 4; lastKnownFileType = sourcecode.java; path = ItalianGreeter.java; sourceTree = "<group>"; };
		BC30182A26B01B4700BE4B1B /* SpanishGreeter.java */ = {isa = PBXFileReference; fileEncoding = 4; lastKnownFileType = sourcecode.java; path = SpanishGreeter.java; sourceTree = "<group>"; };
		BC30182D26B01BD800BE4B1B /* Library2Config.xcconfig */ = {isa = PBXFileReference; lastKnownFileType = text.xcconfig; path = Library2Config.xcconfig; sourceTree = "<group>"; };
		BC30182E26B01E6900BE4B1B /* prefixes.properties */ = {isa = PBXFileReference; lastKnownFileType = text; path = prefixes.properties; sourceTree = "<group>"; };
		BCE20A4D269DD8870097203F /* TestApp.app */ = {isa = PBXFileReference; explicitFileType = wrapper.application; includeInIndex = 0; path = TestApp.app; sourceTree = BUILT_PRODUCTS_DIR; };
		BCE20A4F269DD8870097203F /* AppDelegate.swift */ = {isa = PBXFileReference; lastKnownFileType = sourcecode.swift; path = AppDelegate.swift; sourceTree = "<group>"; };
		BCE20A51269DD8870097203F /* SceneDelegate.swift */ = {isa = PBXFileReference; lastKnownFileType = sourcecode.swift; path = SceneDelegate.swift; sourceTree = "<group>"; };
		BCE20A53269DD8870097203F /* ViewController.swift */ = {isa = PBXFileReference; lastKnownFileType = sourcecode.swift; path = ViewController.swift; sourceTree = "<group>"; };
		BCE20A56269DD8870097203F /* Base */ = {isa = PBXFileReference; lastKnownFileType = file.storyboard; name = Base; path = Base.lproj/Main.storyboard; sourceTree = "<group>"; };
		BCE20A58269DD88B0097203F /* Assets.xcassets */ = {isa = PBXFileReference; lastKnownFileType = folder.assetcatalog; path = Assets.xcassets; sourceTree = "<group>"; };
		BCE20A5B269DD88B0097203F /* Base */ = {isa = PBXFileReference; lastKnownFileType = file.storyboard; name = Base; path = Base.lproj/LaunchScreen.storyboard; sourceTree = "<group>"; };
		BCE20A5D269DD88B0097203F /* Info.plist */ = {isa = PBXFileReference; lastKnownFileType = text.plist.xml; path = Info.plist; sourceTree = "<group>"; };
		BCEACD3A26946CF200E982E2 /* Framework1.framework */ = {isa = PBXFileReference; explicitFileType = wrapper.framework; includeInIndex = 0; path = Framework1.framework; sourceTree = BUILT_PRODUCTS_DIR; };
		BCEACD3D26946CF200E982E2 /* Framework1.h */ = {isa = PBXFileReference; lastKnownFileType = sourcecode.c.h; path = Framework1.h; sourceTree = "<group>"; };
		BCEACD3E26946CF200E982E2 /* Info.plist */ = {isa = PBXFileReference; lastKnownFileType = text.plist.xml; path = Info.plist; sourceTree = "<group>"; };
		BCEACD4326946CF300E982E2 /* Framework1Tests.xctest */ = {isa = PBXFileReference; explicitFileType = wrapper.cfbundle; includeInIndex = 0; path = Framework1Tests.xctest; sourceTree = BUILT_PRODUCTS_DIR; };
		BCEACD4826946CF300E982E2 /* SomeAwesomeFrameworkTests1.m */ = {isa = PBXFileReference; lastKnownFileType = sourcecode.c.objc; path = SomeAwesomeFrameworkTests1.m; sourceTree = "<group>"; };
		BCEACD4A26946CF300E982E2 /* Info.plist */ = {isa = PBXFileReference; lastKnownFileType = text.plist.xml; path = Info.plist; sourceTree = "<group>"; };
		BCEACD77269470A700E982E2 /* SomeAwesomeFramework.h */ = {isa = PBXFileReference; lastKnownFileType = sourcecode.c.h; path = SomeAwesomeFramework.h; sourceTree = "<group>"; };
		BCEACD78269470A700E982E2 /* SomeAwesomeFramework.m */ = {isa = PBXFileReference; lastKnownFileType = sourcecode.c.objc; path = SomeAwesomeFramework.m; sourceTree = "<group>"; };
		BCEACD8026947C5500E982E2 /* libLibrary1.a */ = {isa = PBXFileReference; explicitFileType = archive.ar; includeInIndex = 0; path = libLibrary1.a; sourceTree = BUILT_PRODUCTS_DIR; };
		BCEACD8226947C5500E982E2 /* EnglishGreeter.h */ = {isa = PBXFileReference; lastKnownFileType = sourcecode.c.h; path = EnglishGreeter.h; sourceTree = "<group>"; };
		BCEACD8326947C5500E982E2 /* EnglishGreeter.m */ = {isa = PBXFileReference; lastKnownFileType = sourcecode.c.objc; path = EnglishGreeter.m; sourceTree = "<group>"; };
		BCEACD8D2694907E00E982E2 /* Framework1Tests-Bridging-Header.h */ = {isa = PBXFileReference; lastKnownFileType = sourcecode.c.h; path = "Framework1Tests-Bridging-Header.h"; sourceTree = "<group>"; };
		BCEACD8E2694907F00E982E2 /* SomeAwesomeFrameworkTests2.swift */ = {isa = PBXFileReference; lastKnownFileType = sourcecode.swift; path = SomeAwesomeFrameworkTests2.swift; sourceTree = "<group>"; };
		BCEACD902694A03700E982E2 /* GreetingHelper.h */ = {isa = PBXFileReference; lastKnownFileType = sourcecode.c.h; path = GreetingHelper.h; sourceTree = "<group>"; };
		BCEACD912694A03700E982E2 /* GreetingHelper.m */ = {isa = PBXFileReference; lastKnownFileType = sourcecode.c.objc; path = GreetingHelper.m; sourceTree = "<group>"; };
		BCEACD972694A11C00E982E2 /* GreetingHelperTests1.m */ = {isa = PBXFileReference; lastKnownFileType = sourcecode.c.objc; path = GreetingHelperTests1.m; sourceTree = "<group>"; };
		BCEACD992694A1DC00E982E2 /* GreetingHelperTests2.swift */ = {isa = PBXFileReference; lastKnownFileType = sourcecode.swift; path = GreetingHelperTests2.swift; sourceTree = "<group>"; };
		BCEACDB62695B72D00E982E2 /* libLibrary2.a */ = {isa = PBXFileReference; explicitFileType = archive.ar; includeInIndex = 0; path = libLibrary2.a; sourceTree = BUILT_PRODUCTS_DIR; };
		BCEACDD32696269E00E982E2 /* UIKit.framework */ = {isa = PBXFileReference; lastKnownFileType = wrapper.framework; name = UIKit.framework; path = System/Library/Frameworks/UIKit.framework; sourceTree = SDKROOT; };
/* End PBXFileReference section */

/* Begin PBXFrameworksBuildPhase section */
		0B8D6142EDDE9578A6FAFB62 /* Frameworks */ = {
			isa = PBXFrameworksBuildPhase;
			buildActionMask = 2147483647;
			files = (
			);
			runOnlyForDeploymentPostprocessing = 0;
		};
		BCE20A4A269DD8870097203F /* Frameworks */ = {
			isa = PBXFrameworksBuildPhase;
			buildActionMask = 2147483647;
			files = (
			);
			runOnlyForDeploymentPostprocessing = 0;
		};
		BCEACD3726946CF200E982E2 /* Frameworks */ = {
			isa = PBXFrameworksBuildPhase;
			buildActionMask = 2147483647;
			files = (
				BCEACDD42696269E00E982E2 /* UIKit.framework in Frameworks */,
				BCEACDAB2695AF1A00E982E2 /* libLibrary1.a in Frameworks */,
				BCEACDD126961B6B00E982E2 /* libLibrary2.a in Frameworks */,
				B486BF954D27B01494171084 /* Pods_Framework1.framework in Frameworks */,
			);
			runOnlyForDeploymentPostprocessing = 0;
		};
		BCEACD4026946CF300E982E2 /* Frameworks */ = {
			isa = PBXFrameworksBuildPhase;
			buildActionMask = 2147483647;
			files = (
				D9A190E3B01B7C6786819002 /* Pods_Framework1Tests.framework in Frameworks */,
			);
			runOnlyForDeploymentPostprocessing = 0;
		};
		BCEACD7D26947C5500E982E2 /* Frameworks */ = {
			isa = PBXFrameworksBuildPhase;
			buildActionMask = 2147483647;
			files = (
			);
			runOnlyForDeploymentPostprocessing = 0;
		};
/* End PBXFrameworksBuildPhase section */

/* Begin PBXGroup section */
		BC30182726B01B4700BE4B1B /* com */ = {
			isa = PBXGroup;
			children = (
				BC30182826B01B4700BE4B1B /* greeter */,
			);
			path = com;
			sourceTree = "<group>";
		};
		BC30182826B01B4700BE4B1B /* greeter */ = {
			isa = PBXGroup;
			children = (
				BC30182926B01B4700BE4B1B /* ItalianGreeter.java */,
				BC30182A26B01B4700BE4B1B /* SpanishGreeter.java */,
			);
			path = greeter;
			sourceTree = "<group>";
		};
		BCE20A4E269DD8870097203F /* TestApp */ = {
			isa = PBXGroup;
			children = (
				BCE20A4F269DD8870097203F /* AppDelegate.swift */,
				BCE20A51269DD8870097203F /* SceneDelegate.swift */,
				BCE20A53269DD8870097203F /* ViewController.swift */,
				BCE20A55269DD8870097203F /* Main.storyboard */,
				BCE20A58269DD88B0097203F /* Assets.xcassets */,
				BCE20A5A269DD88B0097203F /* LaunchScreen.storyboard */,
				BCE20A5D269DD88B0097203F /* Info.plist */,
			);
			path = TestApp;
			sourceTree = "<group>";
		};
		BCEACD3026946CF200E982E2 = {
			isa = PBXGroup;
			children = (
				BCEACD3C26946CF200E982E2 /* Framework1 */,
				BC30181D26AF255800BE4B1B /* Framework1Config.xcconfig */,
				BCEACD4726946CF300E982E2 /* Framework1Tests */,
				BCEACD8A26947D2D00E982E2 /* Frameworks */,
				BCEACD8126947C5500E982E2 /* Library1 */,
				BCEACDB72695B72D00E982E2 /* Library2 */,
				C79782C63DF1626948DA7748 /* Pods */,
				BCEACD3B26946CF200E982E2 /* Products */,
				BCE20A4E269DD8870097203F /* TestApp */,
			);
			sourceTree = "<group>";
		};
		BCEACD3B26946CF200E982E2 /* Products */ = {
			isa = PBXGroup;
			children = (
				BCEACD3A26946CF200E982E2 /* Framework1.framework */,
				BCEACD4326946CF300E982E2 /* Framework1Tests.xctest */,
				BCEACD8026947C5500E982E2 /* libLibrary1.a */,
				BCEACDB62695B72D00E982E2 /* libLibrary2.a */,
				BCE20A4D269DD8870097203F /* TestApp.app */,
			);
			name = Products;
			sourceTree = "<group>";
		};
		BCEACD3C26946CF200E982E2 /* Framework1 */ = {
			isa = PBXGroup;
			children = (
				BCEACD3D26946CF200E982E2 /* Framework1.h */,
				BCEACD902694A03700E982E2 /* GreetingHelper.h */,
				BCEACD912694A03700E982E2 /* GreetingHelper.m */,
				BCEACD3E26946CF200E982E2 /* Info.plist */,
				BCEACD77269470A700E982E2 /* SomeAwesomeFramework.h */,
				BCEACD78269470A700E982E2 /* SomeAwesomeFramework.m */,
			);
			path = Framework1;
			sourceTree = "<group>";
		};
		BCEACD4726946CF300E982E2 /* Framework1Tests */ = {
			isa = PBXGroup;
			children = (
				BCEACD8D2694907E00E982E2 /* Framework1Tests-Bridging-Header.h */,
				BCEACD972694A11C00E982E2 /* GreetingHelperTests1.m */,
				BCEACD992694A1DC00E982E2 /* GreetingHelperTests2.swift */,
				BCEACD4A26946CF300E982E2 /* Info.plist */,
				BC30181F26AF26BB00BE4B1B /* IOSClassTests1.m */,
				BC30182126AF272700BE4B1B /* IOSClassTests2.swift */,
				BCEACD4826946CF300E982E2 /* SomeAwesomeFrameworkTests1.m */,
				BCEACD8E2694907F00E982E2 /* SomeAwesomeFrameworkTests2.swift */,
			);
			path = Framework1Tests;
			sourceTree = "<group>";
		};
		BCEACD8126947C5500E982E2 /* Library1 */ = {
			isa = PBXGroup;
			children = (
				BCEACD8226947C5500E982E2 /* EnglishGreeter.h */,
				BCEACD8326947C5500E982E2 /* EnglishGreeter.m */,
			);
			path = Library1;
			sourceTree = "<group>";
		};
		BCEACD8A26947D2D00E982E2 /* Frameworks */ = {
			isa = PBXGroup;
			children = (
				BCEACDD32696269E00E982E2 /* UIKit.framework */,
				B077DC11504ADF9BB5B71089 /* Pods_Framework1.framework */,
				6A76A5989DA0EBCB7F30CCC4 /* Pods_Framework1Tests.framework */,
			);
			name = Frameworks;
			sourceTree = "<group>";
		};
		BCEACDB72695B72D00E982E2 /* Library2 */ = {
			isa = PBXGroup;
			children = (
				BC30182726B01B4700BE4B1B /* com */,
				BC30182D26B01BD800BE4B1B /* Library2Config.xcconfig */,
				BC30182E26B01E6900BE4B1B /* prefixes.properties */,
			);
			path = Library2;
			sourceTree = "<group>";
		};
		C79782C63DF1626948DA7748 /* Pods */ = {
			isa = PBXGroup;
			children = (
				3C963E34EC129AA5B21A7C49 /* Pods-Framework1.debug.xcconfig */,
				B02929439E6C96054EF10097 /* Pods-Framework1.release.xcconfig */,
				090777CD5CEBEB6BD27625AB /* Pods-Framework1Tests.debug.xcconfig */,
				8E17528C8793B0EB9FDDF031 /* Pods-Framework1Tests.release.xcconfig */,
			);
			name = Pods;
			path = ../Pods;
			sourceTree = "<group>";
		};
/* End PBXGroup section */

/* Begin PBXHeadersBuildPhase section */
		BCEACD3526946CF200E982E2 /* Headers */ = {
			isa = PBXHeadersBuildPhase;
			buildActionMask = 2147483647;
			files = (
				BCEACD4B26946CF300E982E2 /* Framework1.h in Headers */,
				BCEACD79269470A700E982E2 /* SomeAwesomeFramework.h in Headers */,
				BCEACD922694A03700E982E2 /* GreetingHelper.h in Headers */,
			);
			runOnlyForDeploymentPostprocessing = 0;
		};
/* End PBXHeadersBuildPhase section */

/* Begin PBXNativeTarget section */
		BCE20A4C269DD8870097203F /* TestApp */ = {
			isa = PBXNativeTarget;
			buildConfigurationList = BCE20A60269DD88B0097203F /* Build configuration list for PBXNativeTarget "TestApp" */;
			buildPhases = (
				BCE20A49269DD8870097203F /* Sources */,
				BCE20A4A269DD8870097203F /* Frameworks */,
				BCE20A4B269DD8870097203F /* Resources */,
			);
			buildRules = (
			);
			dependencies = (
			);
			name = TestApp;
			productName = TestApp;
			productReference = BCE20A4D269DD8870097203F /* TestApp.app */;
			productType = "com.apple.product-type.application";
		};
		BCEACD3926946CF200E982E2 /* Framework1 */ = {
			isa = PBXNativeTarget;
			buildConfigurationList = BCEACD4E26946CF300E982E2 /* Build configuration list for PBXNativeTarget "Framework1" */;
			buildPhases = (
				8CD1161D331EA59BCAD1F658 /* [CP] Check Pods Manifest.lock */,
				BCEACD3526946CF200E982E2 /* Headers */,
				BCEACD3626946CF200E982E2 /* Sources */,
				BCEACD3726946CF200E982E2 /* Frameworks */,
				BCEACD3826946CF200E982E2 /* Resources */,
			);
			buildRules = (
			);
			dependencies = (
				BCEACDAD2695AF2200E982E2 /* PBXTargetDependency */,
				BCEACDCE2696112B00E982E2 /* PBXTargetDependency */,
			);
			name = Framework1;
			productName = Framework1;
			productReference = BCEACD3A26946CF200E982E2 /* Framework1.framework */;
			productType = "com.apple.product-type.framework";
		};
		BCEACD4226946CF300E982E2 /* Framework1Tests */ = {
			isa = PBXNativeTarget;
			buildConfigurationList = BCEACD5126946CF300E982E2 /* Build configuration list for PBXNativeTarget "Framework1Tests" */;
			buildPhases = (
				193D29AB12376E955BAF7E6B /* [CP] Check Pods Manifest.lock */,
				BCEACD3F26946CF300E982E2 /* Sources */,
				BCEACD4026946CF300E982E2 /* Frameworks */,
				BCEACD4126946CF300E982E2 /* Resources */,
			);
			buildRules = (
			);
			dependencies = (
				BCEACD4626946CF300E982E2 /* PBXTargetDependency */,
				BCE20A62269DD8940097203F /* PBXTargetDependency */,
			);
			name = Framework1Tests;
			productName = Framework1Tests;
			productReference = BCEACD4326946CF300E982E2 /* Framework1Tests.xctest */;
			productType = "com.apple.product-type.bundle.unit-test";
		};
		BCEACD7F26947C5500E982E2 /* Library1 */ = {
			isa = PBXNativeTarget;
			buildConfigurationList = BCEACD8826947C5500E982E2 /* Build configuration list for PBXNativeTarget "Library1" */;
			buildPhases = (
				BCEACD7C26947C5500E982E2 /* Sources */,
				BCEACD7D26947C5500E982E2 /* Frameworks */,
				BCEACD7E26947C5500E982E2 /* CopyFiles */,
			);
			buildRules = (
			);
			dependencies = (
			);
			name = Library1;
			productName = Library1;
			productReference = BCEACD8026947C5500E982E2 /* libLibrary1.a */;
			productType = "com.apple.product-type.library.static";
		};
		BCEACDB52695B72D00E982E2 /* Library2 */ = {
			isa = PBXNativeTarget;
			buildConfigurationList = BCEACDBC2695B72D00E982E2 /* Build configuration list for PBXNativeTarget "Library2" */;
			buildPhases = (
				BCEACDC42695BADD00E982E2 /* ShellScript */,
				BCEACDB22695B72D00E982E2 /* Sources */,
				0B8D6142EDDE9578A6FAFB62 /* Frameworks */,
			);
			buildRules = (
				BCEACDC92695CDE200E982E2 /* PBXBuildRule */,
			);
			dependencies = (
			);
			name = Library2;
			productName = Library2;
			productReference = BCEACDB62695B72D00E982E2 /* libLibrary2.a */;
			productType = "com.apple.product-type.library.static";
		};
/* End PBXNativeTarget section */

/* Begin PBXProject section */
		BCEACD3126946CF200E982E2 /* Project object */ = {
			isa = PBXProject;
			attributes = {
				LastSwiftUpdateCheck = 1250;
				LastUpgradeCheck = 1250;
				TargetAttributes = {
					BCE20A4C269DD8870097203F = {
						CreatedOnToolsVersion = 12.5;
					};
					BCEACD3926946CF200E982E2 = {
						CreatedOnToolsVersion = 12.5;
					};
					BCEACD4226946CF300E982E2 = {
						CreatedOnToolsVersion = 12.5;
						LastSwiftMigration = 1250;
						TestTargetID = BCE20A4C269DD8870097203F;
					};
					BCEACD7F26947C5500E982E2 = {
						CreatedOnToolsVersion = 12.5;
					};
					BCEACDB52695B72D00E982E2 = {
						CreatedOnToolsVersion = 12.5;
					};
				};
			};
			buildConfigurationList = BCEACD3426946CF200E982E2 /* Build configuration list for PBXProject "Framework1" */;
			compatibilityVersion = "Xcode 11.0";
			developmentRegion = en;
			hasScannedForEncodings = 0;
			knownRegions = (
				en,
				Base,
			);
			mainGroup = BCEACD3026946CF200E982E2;
			productRefGroup = BCEACD3B26946CF200E982E2 /* Products */;
			projectDirPath = "";
			projectRoot = "";
			targets = (
				BCEACD3926946CF200E982E2 /* Framework1 */,
				BCEACD4226946CF300E982E2 /* Framework1Tests */,
				BCEACD7F26947C5500E982E2 /* Library1 */,
				BCEACDB52695B72D00E982E2 /* Library2 */,
				BCE20A4C269DD8870097203F /* TestApp */,
			);
		};
/* End PBXProject section */

/* Begin PBXResourcesBuildPhase section */
		BCE20A4B269DD8870097203F /* Resources */ = {
			isa = PBXResourcesBuildPhase;
			buildActionMask = 2147483647;
			files = (
				BCE20A5C269DD88B0097203F /* LaunchScreen.storyboard in Resources */,
				BCE20A59269DD88B0097203F /* Assets.xcassets in Resources */,
				BCE20A57269DD8870097203F /* Main.storyboard in Resources */,
			);
			runOnlyForDeploymentPostprocessing = 0;
		};
		BCEACD3826946CF200E982E2 /* Resources */ = {
			isa = PBXResourcesBuildPhase;
			buildActionMask = 2147483647;
			files = (
			);
			runOnlyForDeploymentPostprocessing = 0;
		};
		BCEACD4126946CF300E982E2 /* Resources */ = {
			isa = PBXResourcesBuildPhase;
			buildActionMask = 2147483647;
			files = (
			);
			runOnlyForDeploymentPostprocessing = 0;
		};
/* End PBXResourcesBuildPhase section */

/* Begin PBXShellScriptBuildPhase section */
		193D29AB12376E955BAF7E6B /* [CP] Check Pods Manifest.lock */ = {
			isa = PBXShellScriptBuildPhase;
			buildActionMask = 2147483647;
			files = (
			);
			inputFileListPaths = (
			);
			inputPaths = (
				"${PODS_PODFILE_DIR_PATH}/Podfile.lock",
				"${PODS_ROOT}/Manifest.lock",
			);
			name = "[CP] Check Pods Manifest.lock";
			outputFileListPaths = (
			);
			outputPaths = (
				"$(DERIVED_FILE_DIR)/Pods-Framework1Tests-checkManifestLockResult.txt",
			);
			runOnlyForDeploymentPostprocessing = 0;
			shellPath = /bin/sh;
			shellScript = "diff \"${PODS_PODFILE_DIR_PATH}/Podfile.lock\" \"${PODS_ROOT}/Manifest.lock\" > /dev/null\nif [ $? != 0 ] ; then\n    # print error to STDERR\n    echo \"error: The sandbox is not in sync with the Podfile.lock. Run 'pod install' or update your CocoaPods installation.\" >&2\n    exit 1\nfi\n# This output is used by Xcode 'outputs' to avoid re-running this script phase.\necho \"SUCCESS\" > \"${SCRIPT_OUTPUT_FILE_0}\"\n";
			showEnvVarsInLog = 0;
		};
		8CD1161D331EA59BCAD1F658 /* [CP] Check Pods Manifest.lock */ = {
			isa = PBXShellScriptBuildPhase;
			buildActionMask = 2147483647;
			files = (
			);
			inputFileListPaths = (
			);
			inputPaths = (
				"${PODS_PODFILE_DIR_PATH}/Podfile.lock",
				"${PODS_ROOT}/Manifest.lock",
			);
			name = "[CP] Check Pods Manifest.lock";
			outputFileListPaths = (
			);
			outputPaths = (
				"$(DERIVED_FILE_DIR)/Pods-Framework1-checkManifestLockResult.txt",
			);
			runOnlyForDeploymentPostprocessing = 0;
			shellPath = /bin/sh;
			shellScript = "diff \"${PODS_PODFILE_DIR_PATH}/Podfile.lock\" \"${PODS_ROOT}/Manifest.lock\" > /dev/null\nif [ $? != 0 ] ; then\n    # print error to STDERR\n    echo \"error: The sandbox is not in sync with the Podfile.lock. Run 'pod install' or update your CocoaPods installation.\" >&2\n    exit 1\nfi\n# This output is used by Xcode 'outputs' to avoid re-running this script phase.\necho \"SUCCESS\" > \"${SCRIPT_OUTPUT_FILE_0}\"\n";
			showEnvVarsInLog = 0;
		};
		BCEACDC42695BADD00E982E2 /* ShellScript */ = {
			isa = PBXShellScriptBuildPhase;
			buildActionMask = 2147483647;
			files = (
			);
			inputFileListPaths = (
			);
			inputPaths = (
			);
			outputFileListPaths = (
			);
			outputPaths = (
			);
			runOnlyForDeploymentPostprocessing = 0;
			shellPath = /bin/sh;
			shellScript = "JAVA_SOURCES_PATH=$SRCROOT/$TARGET_NAME\n\nJAVA_SOURCE_FILES=$(find \"${JAVA_SOURCES_PATH}\" -name '*.java')\n\n\"${J2OBJC_HOME}/j2objc\" -d \"${DERIVED_FILES_DIR}\" --prefixes \"${PREFIXES_PROPERTIES_PATH}\" --batch-translate-max=40 --no-package-directories --doc-comments --nullability -sourcepath \"${JAVA_SOURCES_PATH}\" $JAVA_SOURCE_FILES\n\nHEADER_FILES=$(find \"${DERIVED_FILES_DIR}\" -name '*.h')\n\nmkdir -p $TARGET_BUILD_DIR/include/$TARGET_NAME\n\ncp $HEADER_FILES $TARGET_BUILD_DIR/include/$TARGET_NAME\n";
		};
/* End PBXShellScriptBuildPhase section */

/* Begin PBXSourcesBuildPhase section */
		BCE20A49269DD8870097203F /* Sources */ = {
			isa = PBXSourcesBuildPhase;
			buildActionMask = 2147483647;
			files = (
				BCE20A54269DD8870097203F /* ViewController.swift in Sources */,
				BCE20A50269DD8870097203F /* AppDelegate.swift in Sources */,
				BCE20A52269DD8870097203F /* SceneDelegate.swift in Sources */,
			);
			runOnlyForDeploymentPostprocessing = 0;
		};
		BCEACD3626946CF200E982E2 /* Sources */ = {
			isa = PBXSourcesBuildPhase;
			buildActionMask = 2147483647;
			files = (
				BCEACD932694A03700E982E2 /* GreetingHelper.m in Sources */,
				BCEACD7A269470A700E982E2 /* SomeAwesomeFramework.m in Sources */,
			);
			runOnlyForDeploymentPostprocessing = 0;
		};
		BCEACD3F26946CF300E982E2 /* Sources */ = {
			isa = PBXSourcesBuildPhase;
			buildActionMask = 2147483647;
			files = (
				BCEACD982694A11C00E982E2 /* GreetingHelperTests1.m in Sources */,
				BCEACD8F2694907F00E982E2 /* SomeAwesomeFrameworkTests2.swift in Sources */,
				BC30182026AF26BB00BE4B1B /* IOSClassTests1.m in Sources */,
				BCEACD4926946CF300E982E2 /* SomeAwesomeFrameworkTests1.m in Sources */,
				BCEACD9A2694A1DC00E982E2 /* GreetingHelperTests2.swift in Sources */,
				BC30182226AF272700BE4B1B /* IOSClassTests2.swift in Sources */,
			);
			runOnlyForDeploymentPostprocessing = 0;
		};
		BCEACD7C26947C5500E982E2 /* Sources */ = {
			isa = PBXSourcesBuildPhase;
			buildActionMask = 2147483647;
			files = (
				BCEACD8426947C5500E982E2 /* EnglishGreeter.m in Sources */,
			);
			runOnlyForDeploymentPostprocessing = 0;
		};
		BCEACDB22695B72D00E982E2 /* Sources */ = {
			isa = PBXSourcesBuildPhase;
			buildActionMask = 2147483647;
			files = (
				BC30182B26B01B4700BE4B1B /* ItalianGreeter.java in Sources */,
				BC30182C26B01B4700BE4B1B /* SpanishGreeter.java in Sources */,
			);
			runOnlyForDeploymentPostprocessing = 0;
		};
/* End PBXSourcesBuildPhase section */

/* Begin PBXTargetDependency section */
		BCE20A62269DD8940097203F /* PBXTargetDependency */ = {
			isa = PBXTargetDependency;
			platformFilter = ios;
			target = BCE20A4C269DD8870097203F /* TestApp */;
			targetProxy = BCE20A61269DD8940097203F /* PBXContainerItemProxy */;
		};
		BCEACD4626946CF300E982E2 /* PBXTargetDependency */ = {
			isa = PBXTargetDependency;
			platformFilter = ios;
			target = BCEACD3926946CF200E982E2 /* Framework1 */;
			targetProxy = BCEACD4526946CF300E982E2 /* PBXContainerItemProxy */;
		};
		BCEACDAD2695AF2200E982E2 /* PBXTargetDependency */ = {
			isa = PBXTargetDependency;
			platformFilter = ios;
			target = BCEACD7F26947C5500E982E2 /* Library1 */;
			targetProxy = BCEACDAC2695AF2200E982E2 /* PBXContainerItemProxy */;
		};
		BCEACDCE2696112B00E982E2 /* PBXTargetDependency */ = {
			isa = PBXTargetDependency;
			platformFilter = ios;
			target = BCEACDB52695B72D00E982E2 /* Library2 */;
			targetProxy = BCEACDCD2696112B00E982E2 /* PBXContainerItemProxy */;
		};
/* End PBXTargetDependency section */

/* Begin PBXVariantGroup section */
		BCE20A55269DD8870097203F /* Main.storyboard */ = {
			isa = PBXVariantGroup;
			children = (
				BCE20A56269DD8870097203F /* Base */,
			);
			name = Main.storyboard;
			sourceTree = "<group>";
		};
		BCE20A5A269DD88B0097203F /* LaunchScreen.storyboard */ = {
			isa = PBXVariantGroup;
			children = (
				BCE20A5B269DD88B0097203F /* Base */,
			);
			name = LaunchScreen.storyboard;
			sourceTree = "<group>";
		};
/* End PBXVariantGroup section */

/* Begin XCBuildConfiguration section */
		BCE20A5E269DD88B0097203F /* Debug */ = {
			isa = XCBuildConfiguration;
			buildSettings = {
				ASSETCATALOG_COMPILER_APPICON_NAME = AppIcon;
				ASSETCATALOG_COMPILER_GLOBAL_ACCENT_COLOR_NAME = AccentColor;
				CODE_SIGN_STYLE = Automatic;
				INFOPLIST_FILE = TestApp/Info.plist;
				IPHONEOS_DEPLOYMENT_TARGET = 14.5;
				LD_RUNPATH_SEARCH_PATHS = (
					"$(inherited)",
					"@executable_path/Frameworks",
				);
				PRODUCT_BUNDLE_IDENTIFIER = xcode.experiments.TestApp;
				PRODUCT_NAME = "$(TARGET_NAME)";
				SWIFT_ACTIVE_COMPILATION_CONDITIONS = DEBUG;
				SWIFT_VERSION = 5.0;
				TARGETED_DEVICE_FAMILY = "1,2";
			};
			name = Debug;
		};
		BCE20A5F269DD88B0097203F /* Release */ = {
			isa = XCBuildConfiguration;
			buildSettings = {
				ASSETCATALOG_COMPILER_APPICON_NAME = AppIcon;
				ASSETCATALOG_COMPILER_GLOBAL_ACCENT_COLOR_NAME = AccentColor;
				CODE_SIGN_STYLE = Automatic;
				INFOPLIST_FILE = TestApp/Info.plist;
				IPHONEOS_DEPLOYMENT_TARGET = 14.5;
				LD_RUNPATH_SEARCH_PATHS = (
					"$(inherited)",
					"@executable_path/Frameworks",
				);
				PRODUCT_BUNDLE_IDENTIFIER = xcode.experiments.TestApp;
				PRODUCT_NAME = "$(TARGET_NAME)";
				SWIFT_COMPILATION_MODE = wholemodule;
				SWIFT_VERSION = 5.0;
				TARGETED_DEVICE_FAMILY = "1,2";
			};
			name = Release;
		};
		BCEACD4C26946CF300E982E2 /* Debug */ = {
			isa = XCBuildConfiguration;
			baseConfigurationReference = BC30181D26AF255800BE4B1B /* Framework1Config.xcconfig */;
			buildSettings = {
				ALWAYS_SEARCH_USER_PATHS = NO;
				CLANG_ANALYZER_NONNULL = YES;
				CLANG_ANALYZER_NUMBER_OBJECT_CONVERSION = YES_AGGRESSIVE;
				CLANG_CXX_LANGUAGE_STANDARD = "gnu++14";
				CLANG_CXX_LIBRARY = "libc++";
				CLANG_ENABLE_MODULES = YES;
				CLANG_ENABLE_OBJC_ARC = YES;
				CLANG_ENABLE_OBJC_WEAK = YES;
				CLANG_WARN_BLOCK_CAPTURE_AUTORELEASING = YES;
				CLANG_WARN_BOOL_CONVERSION = YES;
				CLANG_WARN_COMMA = YES;
				CLANG_WARN_CONSTANT_CONVERSION = YES;
				CLANG_WARN_DEPRECATED_OBJC_IMPLEMENTATIONS = YES;
				CLANG_WARN_DIRECT_OBJC_ISA_USAGE = YES_ERROR;
				CLANG_WARN_DOCUMENTATION_COMMENTS = YES;
				CLANG_WARN_EMPTY_BODY = YES;
				CLANG_WARN_ENUM_CONVERSION = YES;
				CLANG_WARN_INFINITE_RECURSION = YES;
				CLANG_WARN_INT_CONVERSION = YES;
				CLANG_WARN_NON_LITERAL_NULL_CONVERSION = YES;
				CLANG_WARN_OBJC_IMPLICIT_RETAIN_SELF = YES;
				CLANG_WARN_OBJC_LITERAL_CONVERSION = YES;
				CLANG_WARN_OBJC_ROOT_CLASS = YES_ERROR;
				CLANG_WARN_QUOTED_INCLUDE_IN_FRAMEWORK_HEADER = YES;
				CLANG_WARN_RANGE_LOOP_ANALYSIS = YES;
				CLANG_WARN_STRICT_PROTOTYPES = YES;
				CLANG_WARN_SUSPICIOUS_MOVE = YES;
				CLANG_WARN_UNGUARDED_AVAILABILITY = YES_AGGRESSIVE;
				CLANG_WARN_UNREACHABLE_CODE = YES;
				CLANG_WARN__DUPLICATE_METHOD_MATCH = YES;
				COPY_PHASE_STRIP = NO;
				CURRENT_PROJECT_VERSION = 1;
				DEBUG_INFORMATION_FORMAT = dwarf;
				ENABLE_STRICT_OBJC_MSGSEND = YES;
				ENABLE_TESTABILITY = YES;
				GCC_C_LANGUAGE_STANDARD = gnu11;
				GCC_DYNAMIC_NO_PIC = NO;
				GCC_NO_COMMON_BLOCKS = YES;
				GCC_OPTIMIZATION_LEVEL = 0;
				GCC_PREPROCESSOR_DEFINITIONS = (
					"DEBUG=1",
					"$(inherited)",
				);
				GCC_WARN_64_TO_32_BIT_CONVERSION = YES;
				GCC_WARN_ABOUT_RETURN_TYPE = YES_ERROR;
				GCC_WARN_UNDECLARED_SELECTOR = YES;
				GCC_WARN_UNINITIALIZED_AUTOS = YES_AGGRESSIVE;
				GCC_WARN_UNUSED_FUNCTION = YES;
				GCC_WARN_UNUSED_VARIABLE = YES;
				IPHONEOS_DEPLOYMENT_TARGET = 9.0;
				J2OBJC_HOME = "/Users/adilhussain/Library/J2ObjC/j2objc-2.7-Java11";
				MTL_ENABLE_DEBUG_INFO = INCLUDE_SOURCE;
				MTL_FAST_MATH = YES;
				ONLY_ACTIVE_ARCH = YES;
				SDKROOT = iphoneos;
				SWIFT_OPTIMIZATION_LEVEL = "-Onone";
				VERSIONING_SYSTEM = "apple-generic";
				VERSION_INFO_PREFIX = "";
			};
			name = Debug;
		};
		BCEACD4D26946CF300E982E2 /* Release */ = {
			isa = XCBuildConfiguration;
			baseConfigurationReference = BC30181D26AF255800BE4B1B /* Framework1Config.xcconfig */;
			buildSettings = {
				ALWAYS_SEARCH_USER_PATHS = NO;
				CLANG_ANALYZER_NONNULL = YES;
				CLANG_ANALYZER_NUMBER_OBJECT_CONVERSION = YES_AGGRESSIVE;
				CLANG_CXX_LANGUAGE_STANDARD = "gnu++14";
				CLANG_CXX_LIBRARY = "libc++";
				CLANG_ENABLE_MODULES = YES;
				CLANG_ENABLE_OBJC_ARC = YES;
				CLANG_ENABLE_OBJC_WEAK = YES;
				CLANG_WARN_BLOCK_CAPTURE_AUTORELEASING = YES;
				CLANG_WARN_BOOL_CONVERSION = YES;
				CLANG_WARN_COMMA = YES;
				CLANG_WARN_CONSTANT_CONVERSION = YES;
				CLANG_WARN_DEPRECATED_OBJC_IMPLEMENTATIONS = YES;
				CLANG_WARN_DIRECT_OBJC_ISA_USAGE = YES_ERROR;
				CLANG_WARN_DOCUMENTATION_COMMENTS = YES;
				CLANG_WARN_EMPTY_BODY = YES;
				CLANG_WARN_ENUM_CONVERSION = YES;
				CLANG_WARN_INFINITE_RECURSION = YES;
				CLANG_WARN_INT_CONVERSION = YES;
				CLANG_WARN_NON_LITERAL_NULL_CONVERSION = YES;
				CLANG_WARN_OBJC_IMPLICIT_RETAIN_SELF = YES;
				CLANG_WARN_OBJC_LITERAL_CONVERSION = YES;
				CLANG_WARN_OBJC_ROOT_CLASS = YES_ERROR;
				CLANG_WARN_QUOTED_INCLUDE_IN_FRAMEWORK_HEADER = YES;
				CLANG_WARN_RANGE_LOOP_ANALYSIS = YES;
				CLANG_WARN_STRICT_PROTOTYPES = YES;
				CLANG_WARN_SUSPICIOUS_MOVE = YES;
				CLANG_WARN_UNGUARDED_AVAILABILITY = YES_AGGRESSIVE;
				CLANG_WARN_UNREACHABLE_CODE = YES;
				CLANG_WARN__DUPLICATE_METHOD_MATCH = YES;
				COPY_PHASE_STRIP = NO;
				CURRENT_PROJECT_VERSION = 1;
				DEBUG_INFORMATION_FORMAT = "dwarf-with-dsym";
				ENABLE_NS_ASSERTIONS = NO;
				ENABLE_STRICT_OBJC_MSGSEND = YES;
				GCC_C_LANGUAGE_STANDARD = gnu11;
				GCC_NO_COMMON_BLOCKS = YES;
				GCC_WARN_64_TO_32_BIT_CONVERSION = YES;
				GCC_WARN_ABOUT_RETURN_TYPE = YES_ERROR;
				GCC_WARN_UNDECLARED_SELECTOR = YES;
				GCC_WARN_UNINITIALIZED_AUTOS = YES_AGGRESSIVE;
				GCC_WARN_UNUSED_FUNCTION = YES;
				GCC_WARN_UNUSED_VARIABLE = YES;
				IPHONEOS_DEPLOYMENT_TARGET = 9.0;
				J2OBJC_HOME = "/Users/adilhussain/Library/J2ObjC/j2objc-2.7-Java11";
				MTL_ENABLE_DEBUG_INFO = NO;
				MTL_FAST_MATH = YES;
				SDKROOT = iphoneos;
				SWIFT_COMPILATION_MODE = wholemodule;
				VALIDATE_PRODUCT = YES;
				VERSIONING_SYSTEM = "apple-generic";
				VERSION_INFO_PREFIX = "";
			};
			name = Release;
		};
		BCEACD4F26946CF300E982E2 /* Debug */ = {
			isa = XCBuildConfiguration;
			baseConfigurationReference = 3C963E34EC129AA5B21A7C49 /* Pods-Framework1.debug.xcconfig */;
			buildSettings = {
				CODE_SIGN_STYLE = Automatic;
				DEFINES_MODULE = YES;
				DYLIB_COMPATIBILITY_VERSION = 1;
				DYLIB_CURRENT_VERSION = 1;
				DYLIB_INSTALL_NAME_BASE = "@rpath";
				INFOPLIST_FILE = Framework1/Info.plist;
				INSTALL_PATH = "$(LOCAL_LIBRARY_DIR)/Frameworks";
				LD_RUNPATH_SEARCH_PATHS = (
					"$(inherited)",
					"@executable_path/Frameworks",
					"@loader_path/Frameworks",
				);
				OTHER_LDFLAGS = (
					"$(inherited)",
					"-l\"iconv\"",
					"-l\"z\"",
					"-framework",
					"\"AVFoundation\"",
					"-framework",
					"\"CoreGraphics\"",
					"-framework",
					"\"CoreMedia\"",
					"-framework",
					"\"CoreVideo\"",
					"-framework",
					"\"ImageIO\"",
					"-framework",
					"\"QuartzCore\"",
					"-framework",
					"\"Security\"",
					"-framework",
					"\"UIKit\"",
					"-ljre_core",
				);
				PRODUCT_BUNDLE_IDENTIFIER = xcode.experiments.Framework1;
				PRODUCT_NAME = "$(TARGET_NAME:c99extidentifier)";
				SKIP_INSTALL = YES;
				SUPPORTS_MACCATALYST = NO;
				TARGETED_DEVICE_FAMILY = "1,2";
			};
			name = Debug;
		};
		BCEACD5026946CF300E982E2 /* Release */ = {
			isa = XCBuildConfiguration;
			baseConfigurationReference = B02929439E6C96054EF10097 /* Pods-Framework1.release.xcconfig */;
			buildSettings = {
				CODE_SIGN_STYLE = Automatic;
				DEFINES_MODULE = YES;
				DYLIB_COMPATIBILITY_VERSION = 1;
				DYLIB_CURRENT_VERSION = 1;
				DYLIB_INSTALL_NAME_BASE = "@rpath";
				INFOPLIST_FILE = Framework1/Info.plist;
				INSTALL_PATH = "$(LOCAL_LIBRARY_DIR)/Frameworks";
				LD_RUNPATH_SEARCH_PATHS = (
					"$(inherited)",
					"@executable_path/Frameworks",
					"@loader_path/Frameworks",
				);
				OTHER_LDFLAGS = (
					"$(inherited)",
					"-l\"iconv\"",
					"-l\"z\"",
					"-framework",
					"\"AVFoundation\"",
					"-framework",
					"\"CoreGraphics\"",
					"-framework",
					"\"CoreMedia\"",
					"-framework",
					"\"CoreVideo\"",
					"-framework",
					"\"ImageIO\"",
					"-framework",
					"\"QuartzCore\"",
					"-framework",
					"\"Security\"",
					"-framework",
					"\"UIKit\"",
					"-ljre_core",
				);
				PRODUCT_BUNDLE_IDENTIFIER = xcode.experiments.Framework1;
				PRODUCT_NAME = "$(TARGET_NAME:c99extidentifier)";
				SKIP_INSTALL = YES;
				SUPPORTS_MACCATALYST = NO;
				TARGETED_DEVICE_FAMILY = "1,2";
			};
			name = Release;
		};
		BCEACD5226946CF300E982E2 /* Debug */ = {
			isa = XCBuildConfiguration;
			baseConfigurationReference = 090777CD5CEBEB6BD27625AB /* Pods-Framework1Tests.debug.xcconfig */;
			buildSettings = {
				CODE_SIGN_STYLE = Automatic;
				INFOPLIST_FILE = Framework1Tests/Info.plist;
				LD_RUNPATH_SEARCH_PATHS = (
					"$(inherited)",
					"@executable_path/Frameworks",
					"@loader_path/Frameworks",
				);
				PRODUCT_BUNDLE_IDENTIFIER = xcode.experiments.Framework1Tests;
				PRODUCT_NAME = "$(TARGET_NAME)";
				SWIFT_OBJC_BRIDGING_HEADER = "Framework1Tests/Framework1Tests-Bridging-Header.h";
				SWIFT_VERSION = 5.0;
				TARGETED_DEVICE_FAMILY = "1,2";
				TEST_HOST = "$(BUILT_PRODUCTS_DIR)/TestApp.app/TestApp";
			};
			name = Debug;
		};
		BCEACD5326946CF300E982E2 /* Release */ = {
			isa = XCBuildConfiguration;
			baseConfigurationReference = 8E17528C8793B0EB9FDDF031 /* Pods-Framework1Tests.release.xcconfig */;
			buildSettings = {
				CODE_SIGN_STYLE = Automatic;
				INFOPLIST_FILE = Framework1Tests/Info.plist;
				LD_RUNPATH_SEARCH_PATHS = (
					"$(inherited)",
					"@executable_path/Frameworks",
					"@loader_path/Frameworks",
				);
				PRODUCT_BUNDLE_IDENTIFIER = xcode.experiments.Framework1Tests;
				PRODUCT_NAME = "$(TARGET_NAME)";
				SWIFT_OBJC_BRIDGING_HEADER = "Framework1Tests/Framework1Tests-Bridging-Header.h";
				SWIFT_VERSION = 5.0;
				TARGETED_DEVICE_FAMILY = "1,2";
				TEST_HOST = "$(BUILT_PRODUCTS_DIR)/TestApp.app/TestApp";
			};
			name = Release;
		};
		BCEACD8626947C5500E982E2 /* Debug */ = {
			isa = XCBuildConfiguration;
			buildSettings = {
				CODE_SIGN_STYLE = Automatic;
				PRODUCT_NAME = "$(TARGET_NAME)";
				SKIP_INSTALL = YES;
				TARGETED_DEVICE_FAMILY = "1,2";
			};
			name = Debug;
		};
		BCEACD8726947C5500E982E2 /* Release */ = {
			isa = XCBuildConfiguration;
			buildSettings = {
				CODE_SIGN_STYLE = Automatic;
				PRODUCT_NAME = "$(TARGET_NAME)";
				SKIP_INSTALL = YES;
				TARGETED_DEVICE_FAMILY = "1,2";
			};
			name = Release;
		};
		BCEACDBD2695B72D00E982E2 /* Debug */ = {
			isa = XCBuildConfiguration;
			baseConfigurationReference = BC30182D26B01BD800BE4B1B /* Library2Config.xcconfig */;
			buildSettings = {
				CODE_SIGN_STYLE = Automatic;
				IPHONEOS_DEPLOYMENT_TARGET = 14.5;
				PRODUCT_NAME = "$(TARGET_NAME)";
				SKIP_INSTALL = YES;
				TARGETED_DEVICE_FAMILY = "1,2";
			};
			name = Debug;
		};
		BCEACDBE2695B72D00E982E2 /* Release */ = {
			isa = XCBuildConfiguration;
			baseConfigurationReference = BC30182D26B01BD800BE4B1B /* Library2Config.xcconfig */;
			buildSettings = {
				CODE_SIGN_STYLE = Automatic;
				IPHONEOS_DEPLOYMENT_TARGET = 14.5;
				PRODUCT_NAME = "$(TARGET_NAME)";
				SKIP_INSTALL = YES;
				TARGETED_DEVICE_FAMILY = "1,2";
			};
			name = Release;
		};
/* End XCBuildConfiguration section */

/* Begin XCConfigurationList section */
		BCE20A60269DD88B0097203F /* Build configuration list for PBXNativeTarget "TestApp" */ = {
			isa = XCConfigurationList;
			buildConfigurations = (
				BCE20A5E269DD88B0097203F /* Debug */,
				BCE20A5F269DD88B0097203F /* Release */,
			);
			defaultConfigurationIsVisible = 0;
			defaultConfigurationName = Release;
		};
		BCEACD3426946CF200E982E2 /* Build configuration list for PBXProject "Framework1" */ = {
			isa = XCConfigurationList;
			buildConfigurations = (
				BCEACD4C26946CF300E982E2 /* Debug */,
				BCEACD4D26946CF300E982E2 /* Release */,
			);
			defaultConfigurationIsVisible = 0;
			defaultConfigurationName = Release;
		};
		BCEACD4E26946CF300E982E2 /* Build configuration list for PBXNativeTarget "Framework1" */ = {
			isa = XCConfigurationList;
			buildConfigurations = (
				BCEACD4F26946CF300E982E2 /* Debug */,
				BCEACD5026946CF300E982E2 /* Release */,
			);
			defaultConfigurationIsVisible = 0;
			defaultConfigurationName = Release;
		};
		BCEACD5126946CF300E982E2 /* Build configuration list for PBXNativeTarget "Framework1Tests" */ = {
			isa = XCConfigurationList;
			buildConfigurations = (
				BCEACD5226946CF300E982E2 /* Debug */,
				BCEACD5326946CF300E982E2 /* Release */,
			);
			defaultConfigurationIsVisible = 0;
			defaultConfigurationName = Release;
		};
		BCEACD8826947C5500E982E2 /* Build configuration list for PBXNativeTarget "Library1" */ = {
			isa = XCConfigurationList;
			buildConfigurations = (
				BCEACD8626947C5500E982E2 /* Debug */,
				BCEACD8726947C5500E982E2 /* Release */,
			);
			defaultConfigurationIsVisible = 0;
			defaultConfigurationName = Release;
		};
		BCEACDBC2695B72D00E982E2 /* Build configuration list for PBXNativeTarget "Library2" */ = {
			isa = XCConfigurationList;
			buildConfigurations = (
				BCEACDBD2695B72D00E982E2 /* Debug */,
				BCEACDBE2695B72D00E982E2 /* Release */,
			);
			defaultConfigurationIsVisible = 0;
			defaultConfigurationName = Release;
		};
/* End XCConfigurationList section */
	};
	rootObject = BCEACD3126946CF200E982E2 /* Project object */;
}
